
Microsoft Visual Studio Solution File, Format Version 12.00
# Visual Studio 2012
Project("{FAE04EC0-301F-11D3-BF4B-00C04F79EFBC}") = "VisitorManagementSystem", "VisitorManagementSystem\VisitorManagementSystem.csproj", "{F099F4D4-FFEC-4063-9A23-A5924D1B5527}"
EndProject
Global
	GlobalSection(SolutionConfigurationPlatforms) = preSolution
		Debug|Any CPU = Debug|Any CPU
		Release|Any CPU = Release|Any CPU
	EndGlobalSection
	GlobalSection(ProjectConfigurationPlatforms) = postSolution
		{F099F4D4-FFEC-4063-9A23-A5924D1B5527}.Debug|Any CPU.ActiveCfg = Debug|Any CPU
		{F099F4D4-FFEC-4063-9A23-A5924D1B5527}.Debug|Any CPU.Build.0 = Debug|Any CPU
		{F099F4D4-FFEC-4063-9A23-A5924D1B5527}.Release|Any CPU.ActiveCfg = Release|Any CPU
		{F099F4D4-FFEC-4063-9A23-A5924D1B5527}.Release|Any CPU.Build.0 = Release|Any CPU
	EndGlobalSection
	GlobalSection(SolutionProperties) = preSolution
		HideSolutionNode = FALSE
	EndGlobalSection
EndGlobal
